
Microsoft Visual Studio Solution File, Format Version 12.00
# Visual Studio Version 17
VisualStudioVersion = 17.14.36518.9 d17.14
MinimumVisualStudioVersion = 10.0.40219.1
Project("{FAE04EC0-301F-11D3-BF4B-00C04F79EFBC}") = "Wpm.Management.Api", "Wpm.Management.Api\Wpm.Management.Api.csproj", "{D82B841B-24E7-4E54-9167-056246CB9751}"
EndProject
Project("{FAE04EC0-301F-11D3-BF4B-00C04F79EFBC}") = "Wpm.Management.Domain", "Wpm.Management.Domain\Wpm.Management.Domain.csproj", "{BA154206-FF82-49F1-B11F-F845164B2B17}"
EndProject
Project("{FAE04EC0-301F-11D3-BF4B-00C04F79EFBC}") = "Wpm.Management.Domain.Tests", "Wpm.Management.Domain.Tests\Wpm.Management.Domain.Tests.csproj", "{D1E9EE31-FFE7-49C4-9C0A-492C8E7CC797}"
EndProject
Project("{FAE04EC0-301F-11D3-BF4B-00C04F79EFBC}") = "Wpm.Clinic.Domain", "Wpm.Clinic.Domain\Wpm.Clinic.Domain.csproj", "{F3588465-3150-4A46-84BC-835F0F12A628}"
EndProject
Project("{FAE04EC0-301F-11D3-BF4B-00C04F79EFBC}") = "Wpm.Clinic.Api", "Wpm.Clinic.Api\Wpm.Clinic.Api.csproj", "{1818F8AF-A107-45C9-AED5-9D8E62226625}"
EndProject
Project("{FAE04EC0-301F-11D3-BF4B-00C04F79EFBC}") = "Wpm.Clinic.Domain.Tests", "Wpm.Clinic.Domain.Tests\Wpm.Clinic.Domain.Tests.csproj", "{DE5C4E70-ED65-40F1-9636-79BFF6DF2EAF}"
EndProject
Project("{FAE04EC0-301F-11D3-BF4B-00C04F79EFBC}") = "Wpm.SharedKernel", "Wpm.SharedKernel\Wpm.SharedKernel.csproj", "{54A62F19-2FF7-41F6-9235-D90A40084B9F}"
EndProject
Global
	GlobalSection(SolutionConfigurationPlatforms) = preSolution
		Debug|Any CPU = Debug|Any CPU
		Release|Any CPU = Release|Any CPU
	EndGlobalSection
	GlobalSection(ProjectConfigurationPlatforms) = postSolution
		{D82B841B-24E7-4E54-9167-056246CB9751}.Debug|Any CPU.ActiveCfg = Debug|Any CPU
		{D82B841B-24E7-4E54-9167-056246CB9751}.Debug|Any CPU.Build.0 = Debug|Any CPU
		{D82B841B-24E7-4E54-9167-056246CB9751}.Release|Any CPU.ActiveCfg = Release|Any CPU
		{D82B841B-24E7-4E54-9167-056246CB9751}.Release|Any CPU.Build.0 = Release|Any CPU
		{BA154206-FF82-49F1-B11F-F845164B2B17}.Debug|Any CPU.ActiveCfg = Debug|Any CPU
		{BA154206-FF82-49F1-B11F-F845164B2B17}.Debug|Any CPU.Build.0 = Debug|Any CPU
		{BA154206-FF82-49F1-B11F-F845164B2B17}.Release|Any CPU.ActiveCfg = Release|Any CPU
		{BA154206-FF82-49F1-B11F-F845164B2B17}.Release|Any CPU.Build.0 = Release|Any CPU
		{D1E9EE31-FFE7-49C4-9C0A-492C8E7CC797}.Debug|Any CPU.ActiveCfg = Debug|Any CPU
		{D1E9EE31-FFE7-49C4-9C0A-492C8E7CC797}.Debug|Any CPU.Build.0 = Debug|Any CPU
		{D1E9EE31-FFE7-49C4-9C0A-492C8E7CC797}.Release|Any CPU.ActiveCfg = Release|Any CPU
		{D1E9EE31-FFE7-49C4-9C0A-492C8E7CC797}.Release|Any CPU.Build.0 = Release|Any CPU
		{F3588465-3150-4A46-84BC-835F0F12A628}.Debug|Any CPU.ActiveCfg = Debug|Any CPU
		{F3588465-3150-4A46-84BC-835F0F12A628}.Debug|Any CPU.Build.0 = Debug|Any CPU
		{F3588465-3150-4A46-84BC-835F0F12A628}.Release|Any CPU.ActiveCfg = Release|Any CPU
		{F3588465-3150-4A46-84BC-835F0F12A628}.Release|Any CPU.Build.0 = Release|Any CPU
		{1818F8AF-A107-45C9-AED5-9D8E62226625}.Debug|Any CPU.ActiveCfg = Debug|Any CPU
		{1818F8AF-A107-45C9-AED5-9D8E62226625}.Debug|Any CPU.Build.0 = Debug|Any CPU
		{1818F8AF-A107-45C9-AED5-9D8E62226625}.Release|Any CPU.ActiveCfg = Release|Any CPU
		{1818F8AF-A107-45C9-AED5-9D8E62226625}.Release|Any CPU.Build.0 = Release|Any CPU
		{DE5C4E70-ED65-40F1-9636-79BFF6DF2EAF}.Debug|Any CPU.ActiveCfg = Debug|Any CPU
		{DE5C4E70-ED65-40F1-9636-79BFF6DF2EAF}.Debug|Any CPU.Build.0 = Debug|Any CPU
		{DE5C4E70-ED65-40F1-9636-79BFF6DF2EAF}.Release|Any CPU.ActiveCfg = Release|Any CPU
		{DE5C4E70-ED65-40F1-9636-79BFF6DF2EAF}.Release|Any CPU.Build.0 = Release|Any CPU
		{54A62F19-2FF7-41F6-9235-D90A40084B9F}.Debug|Any CPU.ActiveCfg = Debug|Any CPU
		{54A62F19-2FF7-41F6-9235-D90A40084B9F}.Debug|Any CPU.Build.0 = Debug|Any CPU
		{54A62F19-2FF7-41F6-9235-D90A40084B9F}.Release|Any CPU.ActiveCfg = Release|Any CPU
		{54A62F19-2FF7-41F6-9235-D90A40084B9F}.Release|Any CPU.Build.0 = Release|Any CPU
	EndGlobalSection
	GlobalSection(SolutionProperties) = preSolution
		HideSolutionNode = FALSE
	EndGlobalSection
	GlobalSection(ExtensibilityGlobals) = postSolution
		SolutionGuid = {22D4354C-8A7A-4005-A380-F08DDCC5449B}
	EndGlobalSection
EndGlobal
